
Microsoft Visual Studio Solution File, Format Version 12.00
# Visual Studio Version 17
VisualStudioVersion = 17.0.31903.59
MinimumVisualStudioVersion = 10.0.40219.1
Project("{FAE04EC0-301F-11D3-BF4B-00C04F79EFBC}") = "CadastroProduto", "CadastroProduto\CadastroProduto.csproj", "{6EB742E9-4AAB-4BD4-A28B-6C2174C481BC}"
EndProject
Project("{FAE04EC0-301F-11D3-BF4B-00C04F79EFBC}") = "TestCadastroProduto", "TestCadastroProduto\TestCadastroProduto.csproj", "{AB51BE97-C67F-438D-A2A6-E5ECD9830EFF}"
EndProject
Global
	GlobalSection(SolutionConfigurationPlatforms) = preSolution
		Debug|Any CPU = Debug|Any CPU
		Release|Any CPU = Release|Any CPU
	EndGlobalSection
	GlobalSection(SolutionProperties) = preSolution
		HideSolutionNode = FALSE
	EndGlobalSection
	GlobalSection(ProjectConfigurationPlatforms) = postSolution
		{6EB742E9-4AAB-4BD4-A28B-6C2174C481BC}.Debug|Any CPU.ActiveCfg = Debug|Any CPU
		{6EB742E9-4AAB-4BD4-A28B-6C2174C481BC}.Debug|Any CPU.Build.0 = Debug|Any CPU
		{6EB742E9-4AAB-4BD4-A28B-6C2174C481BC}.Release|Any CPU.ActiveCfg = Release|Any CPU
		{6EB742E9-4AAB-4BD4-A28B-6C2174C481BC}.Release|Any CPU.Build.0 = Release|Any CPU
		{AB51BE97-C67F-438D-A2A6-E5ECD9830EFF}.Debug|Any CPU.ActiveCfg = Debug|Any CPU
		{AB51BE97-C67F-438D-A2A6-E5ECD9830EFF}.Debug|Any CPU.Build.0 = Debug|Any CPU
		{AB51BE97-C67F-438D-A2A6-E5ECD9830EFF}.Release|Any CPU.ActiveCfg = Release|Any CPU
		{AB51BE97-C67F-438D-A2A6-E5ECD9830EFF}.Release|Any CPU.Build.0 = Release|Any CPU
	EndGlobalSection
EndGlobal
